// !$*UTF8*$!
{
	archiveVersion = 1;
	classes = {
	};
	objectVersion = 50;
	objects = {

/* Begin PBXBuildFile section */
		70887B6E209A5C8B00780B92 /* AppDelegate.swift in Sources */ = {isa = PBXBuildFile; fileRef = 70887B6D209A5C8B00780B92 /* AppDelegate.swift */; };
		70887B70209A5C8C00780B92 /* GameScene.sks in Resources */ = {isa = PBXBuildFile; fileRef = 70887B6F209A5C8C00780B92 /* GameScene.sks */; };
		70887B72209A5C8C00780B92 /* Actions.sks in Resources */ = {isa = PBXBuildFile; fileRef = 70887B71209A5C8C00780B92 /* Actions.sks */; };
		70887B74209A5C8C00780B92 /* GameScene.swift in Sources */ = {isa = PBXBuildFile; fileRef = 70887B73209A5C8C00780B92 /* GameScene.swift */; };
		70887B76209A5C8C00780B92 /* GameViewController.swift in Sources */ = {isa = PBXBuildFile; fileRef = 70887B75209A5C8C00780B92 /* GameViewController.swift */; };
		70887B79209A5C8C00780B92 /* Main.storyboard in Resources */ = {isa = PBXBuildFile; fileRef = 70887B77209A5C8C00780B92 /* Main.storyboard */; };
		70887B7B209A5C8D00780B92 /* Assets.xcassets in Resources */ = {isa = PBXBuildFile; fileRef = 70887B7A209A5C8D00780B92 /* Assets.xcassets */; };
		70887B7E209A5C8D00780B92 /* LaunchScreen.storyboard in Resources */ = {isa = PBXBuildFile; fileRef = 70887B7C209A5C8D00780B92 /* LaunchScreen.storyboard */; };
/* End PBXBuildFile section */

/* Begin PBXFileReference section */
		70887B6A209A5C8B00780B92 /* Swift4TestGame.app */ = {isa = PBXFileReference; explicitFileType = wrapper.application; includeInIndex = 0; path = Swift4TestGame.app; sourceTree = BUILT_PRODUCTS_DIR; };
		70887B6D209A5C8B00780B92 /* AppDelegate.swift */ = {isa = PBXFileReference; lastKnownFileType = sourcecode.swift; path = AppDelegate.swift; sourceTree = "<group>"; };
		70887B6F209A5C8C00780B92 /* GameScene.sks */ = {isa = PBXFileReference; lastKnownFileType = file.sks; path = GameScene.sks; sourceTree = "<group>"; };
		70887B71209A5C8C00780B92 /* Actions.sks */ = {isa = PBXFileReference; lastKnownFileType = file.sks; path = Actions.sks; sourceTree = "<group>"; };
		70887B73209A5C8C00780B92 /* GameScene.swift */ = {isa = PBXFileReference; lastKnownFileType = sourcecode.swift; path = GameScene.swift; sourceTree = "<group>"; };
		70887B75209A5C8C00780B92 /* GameViewController.swift */ = {isa = PBXFileReference; lastKnownFileType = sourcecode.swift; path = GameViewController.swift; sourceTree = "<group>"; };
		70887B78209A5C8C00780B92 /* Base */ = {isa = PBXFileReference; lastKnownFileType = file.storyboard; name = Base; path = Base.lproj/Main.storyboard; sourceTree = "<group>"; };
		70887B7A209A5C8D00780B92 /* Assets.xcassets */ = {isa = PBXFileReference; lastKnownFileType = folder.assetcatalog; path = Assets.xcassets; sourceTree = "<group>"; };
		70887B7D209A5C8D00780B92 /* Base */ = {isa = PBXFileReference; lastKnownFileType = file.storyboard; name = Base; path = Base.lproj/LaunchScreen.storyboard; sourceTree = "<group>"; };
		70887B7F209A5C8D00780B92 /* Info.plist */ = {isa = PBXFileReference; lastKnownFileType = text.plist.xml; path = Info.plist; sourceTree = "<group>"; };
/* End PBXFileReference section */

/* Begin PBXFrameworksBuildPhase section */
		70887B67209A5C8B00780B92 /* Frameworks */ = {
			isa = PBXFrameworksBuildPhase;
			buildActionMask = 2147483647;
			files = (
			);
			runOnlyForDeploymentPostprocessing = 0;
		};
/* End PBXFrameworksBuildPhase section */

/* Begin PBXGroup section */
		70887B61209A5C8B00780B92 = {
			isa = PBXGroup;
			children = (
				70887B6C209A5C8B00780B92 /* Swift4TestGame */,
				70887B6B209A5C8B00780B92 /* Products */,
			);
			sourceTree = "<group>";
		};
		70887B6B209A5C8B00780B92 /* Products */ = {
			isa = PBXGroup;
			children = (
				70887B6A209A5C8B00780B92 /* Swift4TestGame.app */,
			);
			name = Products;
			sourceTree = "<group>";
		};
		70887B6C209A5C8B00780B92 /* Swift4TestGame */ = {
			isa = PBXGroup;
			children = (
				70887B6D209A5C8B00780B92 /* AppDelegate.swift */,
				70887B6F209A5C8C00780B92 /* GameScene.sks */,
				70887B71209A5C8C00780B92 /* Actions.sks */,
				70887B73209A5C8C00780B92 /* GameScene.swift */,
				70887B75209A5C8C00780B92 /* GameViewController.swift */,
				70887B77209A5C8C00780B92 /* Main.storyboard */,
				70887B7A209A5C8D00780B92 /* Assets.xcassets */,
				70887B7C209A5C8D00780B92 /* LaunchScreen.storyboard */,
				70887B7F209A5C8D00780B92 /* Info.plist */,
			);
			path = Swift4TestGame;
			sourceTree = "<group>";
		};
/* End PBXGroup section */

/* Begin PBXNativeTarget section */
		70887B69209A5C8B00780B92 /* Swift4TestGame */ = {
			isa = PBXNativeTarget;
			buildConfigurationList = 70887B82209A5C8D00780B92 /* Build configuration list for PBXNativeTarget "Swift4TestGame" */;
			buildPhases = (
				70887B66209A5C8B00780B92 /* Sources */,
				70887B67209A5C8B00780B92 /* Frameworks */,
				70887B68209A5C8B00780B92 /* Resources */,
			);
			buildRules = (
			);
			dependencies = (
			);
			name = Swift4TestGame;
			productName = Swift4TestGame;
			productReference = 70887B6A209A5C8B00780B92 /* Swift4TestGame.app */;
			productType = "com.apple.product-type.application";
		};
/* End PBXNativeTarget section */

/* Begin PBXProject section */
		70887B62209A5C8B00780B92 /* Project object */ = {
			isa = PBXProject;
			attributes = {
				LastSwiftUpdateCheck = 0930;
				LastUpgradeCheck = 0930;
				ORGANIZATIONNAME = Apple28;
				TargetAttributes = {
					70887B69209A5C8B00780B92 = {
						CreatedOnToolsVersion = 9.3;
					};
				};
			};
			buildConfigurationList = 70887B65209A5C8B00780B92 /* Build configuration list for PBXProject "Swift4TestGame" */;
			compatibilityVersion = "Xcode 9.3";
			developmentRegion = en;
			hasScannedForEncodings = 0;
			knownRegions = (
				en,
				Base,
			);
			mainGroup = 70887B61209A5C8B00780B92;
			productRefGroup = 70887B6B209A5C8B00780B92 /* Products */;
			projectDirPath = "";
			projectRoot = "";
			targets = (
				70887B69209A5C8B00780B92 /* Swift4TestGame */,
			);
		};
/* End PBXProject section */

/* Begin PBXResourcesBuildPhase section */
		70887B68209A5C8B00780B92 /* Resources */ = {
			isa = PBXResourcesBuildPhase;
			buildActionMask = 2147483647;
			files = (
				70887B79209A5C8C00780B92 /* Main.storyboard in Resources */,
				70887B70209A5C8C00780B92 /* GameScene.sks in Resources */,
				70887B7B209A5C8D00780B92 /* Assets.xcassets in Resources */,
				70887B7E209A5C8D00780B92 /* LaunchScreen.storyboard in Resources */,
				70887B72209A5C8C00780B92 /* Actions.sks in Resources */,
			);
			runOnlyForDeploymentPostprocessing = 0;
		};
/* End PBXResourcesBuildPhase section */

/* Begin PBXSourcesBuildPhase section */
		70887B66209A5C8B00780B92 /* Sources */ = {
			isa = PBXSourcesBuildPhase;
			buildActionMask = 2147483647;
			files = (
				70887B74209A5C8C00780B92 /* GameScene.swift in Sources */,
				70887B76209A5C8C00780B92 /* GameViewController.swift in Sources */,
				70887B6E209A5C8B00780B92 /* AppDelegate.swift in Sources */,
			);
			runOnlyForDeploymentPostprocessing = 0;
		};
/* End PBXSourcesBuildPhase section */

/* Begin PBXVariantGroup section */
		70887B77209A5C8C00780B92 /* Main.storyboard */ = {
			isa = PBXVariantGroup;
			children = (
				70887B78209A5C8C00780B92 /* Base */,
			);
			name = Main.storyboard;
			sourceTree = "<group>";
		};
		70887B7C209A5C8D00780B92 /* LaunchScreen.storyboard */ = {
			isa = PBXVariantGroup;
			children = (
				70887B7D209A5C8D00780B92 /* Base */,
			);
			name = LaunchScreen.storyboard;
			sourceTree = "<group>";
		};
/* End PBXVariantGroup section */

/* Begin XCBuildConfiguration section */
		70887B80209A5C8D00780B92 /* Debug */ = {
			isa = XCBuildConfiguration;
			buildSettings = {
				ALWAYS_SEARCH_USER_PATHS = NO;
				CLANG_ANALYZER_NONNULL = YES;
				CLANG_ANALYZER_NUMBER_OBJECT_CONVERSION = YES_AGGRESSIVE;
				CLANG_CXX_LANGUAGE_STANDARD = "gnu++14";
				CLANG_CXX_LIBRARY = "libc++";
				CLANG_ENABLE_MODULES = YES;
				CLANG_ENABLE_OBJC_ARC = YES;
				CLANG_ENABLE_OBJC_WEAK = YES;
				CLANG_WARN_BLOCK_CAPTURE_AUTORELEASING = YES;
				CLANG_WARN_BOOL_CONVERSION = YES;
				CLANG_WARN_COMMA = YES;
				CLANG_WARN_CONSTANT_CONVERSION = YES;
				CLANG_WARN_DEPRECATED_OBJC_IMPLEMENTATIONS = YES;
				CLANG_WARN_DIRECT_OBJC_ISA_USAGE = YES_ERROR;
				CLANG_WARN_DOCUMENTATION_COMMENTS = YES;
				CLANG_WARN_EMPTY_BODY = YES;
				CLANG_WARN_ENUM_CONVERSION = YES;
				CLANG_WARN_INFINITE_RECURSION = YES;
				CLANG_WARN_INT_CONVERSION = YES;
				CLANG_WARN_NON_LITERAL_NULL_CONVERSION = YES;
				CLANG_WARN_OBJC_IMPLICIT_RETAIN_SELF = YES;
				CLANG_WARN_OBJC_LITERAL_CONVERSION = YES;
				CLANG_WARN_OBJC_ROOT_CLASS = YES_ERROR;
				CLANG_WARN_RANGE_LOOP_ANALYSIS = YES;
				CLANG_WARN_STRICT_PROTOTYPES = YES;
				CLANG_WARN_SUSPICIOUS_MOVE = YES;
				CLANG_WARN_UNGUARDED_AVAILABILITY = YES_AGGRESSIVE;
				CLANG_WARN_UNREACHABLE_CODE = YES;
				CLANG_WARN__DUPLICATE_METHOD_MATCH = YES;
				CODE_SIGN_IDENTITY = "iPhone Developer";
				COPY_PHASE_STRIP = NO;
				DEBUG_INFORMATION_FORMAT = dwarf;
				ENABLE_STRICT_OBJC_MSGSEND = YES;
				ENABLE_TESTABILITY = YES;
				GCC_C_LANGUAGE_STANDARD = gnu11;
				GCC_DYNAMIC_NO_PIC = NO;
				GCC_NO_COMMON_BLOCKS = YES;
				GCC_OPTIMIZATION_LEVEL = 0;
				GCC_PREPROCESSOR_DEFINITIONS = (
					"DEBUG=1",
					"$(inherited)",
				);
				GCC_WARN_64_TO_32_BIT_CONVERSION = YES;
				GCC_WARN_ABOUT_RETURN_TYPE = YES_ERROR;
				GCC_WARN_UNDECLARED_SELECTOR = YES;
				GCC_WARN_UNINITIALIZED_AUTOS = YES_AGGRESSIVE;
				GCC_WARN_UNUSED_FUNCTION = YES;
				GCC_WARN_UNUSED_VARIABLE = YES;
				IPHONEOS_DEPLOYMENT_TARGET = 11.3;
				MTL_ENABLE_DEBUG_INFO = YES;
				ONLY_ACTIVE_ARCH = YES;
				SDKROOT = iphoneos;
				SWIFT_ACTIVE_COMPILATION_CONDITIONS = DEBUG;
				SWIFT_OPTIMIZATION_LEVEL = "-Onone";
			};
			name = Debug;
		};
		70887B81209A5C8D00780B92 /* Release */ = {
			isa = XCBuildConfiguration;
			buildSettings = {
				ALWAYS_SEARCH_USER_PATHS = NO;
				CLANG_ANALYZER_NONNULL = YES;
				CLANG_ANALYZER_NUMBER_OBJECT_CONVERSION = YES_AGGRESSIVE;
				CLANG_CXX_LANGUAGE_STANDARD = "gnu++14";
				CLANG_CXX_LIBRARY = "libc++";
				CLANG_ENABLE_MODULES = YES;
				CLANG_ENABLE_OBJC_ARC = YES;
				CLANG_ENABLE_OBJC_WEAK = YES;
				CLANG_WARN_BLOCK_CAPTURE_AUTORELEASING = YES;
				CLANG_WARN_BOOL_CONVERSION = YES;
				CLANG_WARN_COMMA = YES;
				CLANG_WARN_CONSTANT_CONVERSION = YES;
				CLANG_WARN_DEPRECATED_OBJC_IMPLEMENTATIONS = YES;
				CLANG_WARN_DIRECT_OBJC_ISA_USAGE = YES_ERROR;
				CLANG_WARN_DOCUMENTATION_COMMENTS = YES;
				CLANG_WARN_EMPTY_BODY = YES;
				CLANG_WARN_ENUM_CONVERSION = YES;
				CLANG_WARN_INFINITE_RECURSION = YES;
				CLANG_WARN_INT_CONVERSION = YES;
				CLANG_WARN_NON_LITERAL_NULL_CONVERSION = YES;
				CLANG_WARN_OBJC_IMPLICIT_RETAIN_SELF = YES;
				CLANG_WARN_OBJC_LITERAL_CONVERSION = YES;
				CLANG_WARN_OBJC_ROOT_CLASS = YES_ERROR;
				CLANG_WARN_RANGE_LOOP_ANALYSIS = YES;
				CLANG_WARN_STRICT_PROTOTYPES = YES;
				CLANG_WARN_SUSPICIOUS_MOVE = YES;
				CLANG_WARN_UNGUARDED_AVAILABILITY = YES_AGGRESSIVE;
				CLANG_WARN_UNREACHABLE_CODE = YES;
				CLANG_WARN__DUPLICATE_METHOD_MATCH = YES;
				CODE_SIGN_IDENTITY = "iPhone Developer";
				COPY_PHASE_STRIP = NO;
				DEBUG_INFORMATION_FORMAT = "dwarf-with-dsym";
				ENABLE_NS_ASSERTIONS = NO;
				ENABLE_STRICT_OBJC_MSGSEND = YES;
				GCC_C_LANGUAGE_STANDARD = gnu11;
				GCC_NO_COMMON_BLOCKS = YES;
				GCC_WARN_64_TO_32_BIT_CONVERSION = YES;
				GCC_WARN_ABOUT_RETURN_TYPE = YES_ERROR;
				GCC_WARN_UNDECLARED_SELECTOR = YES;
				GCC_WARN_UNINITIALIZED_AUTOS = YES_AGGRESSIVE;
				GCC_WARN_UNUSED_FUNCTION = YES;
				GCC_WARN_UNUSED_VARIABLE = YES;
				IPHONEOS_DEPLOYMENT_TARGET = 11.3;
				MTL_ENABLE_DEBUG_INFO = NO;
				SDKROOT = iphoneos;
				SWIFT_COMPILATION_MODE = wholemodule;
				SWIFT_OPTIMIZATION_LEVEL = "-O";
				VALIDATE_PRODUCT = YES;
			};
			name = Release;
		};
		70887B83209A5C8D00780B92 /* Debug */ = {
			isa = XCBuildConfiguration;
			buildSettings = {
				ASSETCATALOG_COMPILER_APPICON_NAME = AppIcon;
				CODE_SIGN_STYLE = Automatic;
				INFOPLIST_FILE = Swift4TestGame/Info.plist;
				IPHONEOS_DEPLOYMENT_TARGET = 11.3;
				LD_RUNPATH_SEARCH_PATHS = (
					"$(inherited)",
					"@executable_path/Frameworks",
				);
				PRODUCT_BUNDLE_IDENTIFIER = edu.tstc.Phyllis.Swift4TestGame;
				PRODUCT_NAME = "$(TARGET_NAME)";
				SWIFT_VERSION = 4.0;
				TARGETED_DEVICE_FAMILY = 1;
			};
			name = Debug;
		};
		70887B84209A5C8D00780B92 /* Release */ = {
			isa = XCBuildConfiguration;
			buildSettings = {
				ASSETCATALOG_COMPILER_APPICON_NAME = AppIcon;
				CODE_SIGN_STYLE = Automatic;
				INFOPLIST_FILE = Swift4TestGame/Info.plist;
				IPHONEOS_DEPLOYMENT_TARGET = 11.3;
				LD_RUNPATH_SEARCH_PATHS = (
					"$(inherited)",
					"@executable_path/Frameworks",
				);
				PRODUCT_BUNDLE_IDENTIFIER = edu.tstc.Phyllis.Swift4TestGame;
				PRODUCT_NAME = "$(TARGET_NAME)";
				SWIFT_VERSION = 4.0;
				TARGETED_DEVICE_FAMILY = 1;
			};
			name = Release;
		};
/* End XCBuildConfiguration section */

/* Begin XCConfigurationList section */
		70887B65209A5C8B00780B92 /* Build configuration list for PBXProject "Swift4TestGame" */ = {
			isa = XCConfigurationList;
			buildConfigurations = (
				70887B80209A5C8D00780B92 /* Debug */,
				70887B81209A5C8D00780B92 /* Release */,
			);
			defaultConfigurationIsVisible = 0;
			defaultConfigurationName = Release;
		};
		70887B82209A5C8D00780B92 /* Build configuration list for PBXNativeTarget "Swift4TestGame" */ = {
			isa = XCConfigurationList;
			buildConfigurations = (
				70887B83209A5C8D00780B92 /* Debug */,
				70887B84209A5C8D00780B92 /* Release */,
			);
			defaultConfigurationIsVisible = 0;
			defaultConfigurationName = Release;
		};
/* End XCConfigurationList section */
	};
	rootObject = 70887B62209A5C8B00780B92 /* Project object */;
}
